
Microsoft Visual Studio Solution File, Format Version 12.00
# Visual Studio Express 2013 for Windows Desktop
VisualStudioVersion = 12.0.31101.0
MinimumVisualStudioVersion = 10.0.40219.1
Project("{FAE04EC0-301F-11D3-BF4B-00C04F79EFBC}") = "01.OddOrEvenIntegers", "01.OddOrEvenIntegers\01.OddOrEvenIntegers.csproj", "{FD66218A-66E4-473C-97D5-85177B1BB4BC}"
EndProject
Project("{FAE04EC0-301F-11D3-BF4B-00C04F79EFBC}") = "02.GravitationOnTheMoon", "02.GravitationOnTheMoon\02.GravitationOnTheMoon.csproj", "{5B2F26AD-C8D9-42D6-8916-7220388EDAC5}"
EndProject
Project("{FAE04EC0-301F-11D3-BF4B-00C04F79EFBC}") = "03.DivideBySevenAndFive", "03.DivideBySevenAndFive\03.DivideBySevenAndFive.csproj", "{3F6A6EFA-4703-4B5B-90C5-2EBD67393613}"
EndProject
Project("{FAE04EC0-301F-11D3-BF4B-00C04F79EFBC}") = "04.Rectangles", "04.Rectangles\04.Rectangles.csproj", "{94C2C473-1352-4292-BD8D-E92E705F06B9}"
EndProject
Project("{FAE04EC0-301F-11D3-BF4B-00C04F79EFBC}") = "05.ThirdDigitIsSeven", "05.ThirdDigitIsSeven\05.ThirdDigitIsSeven.csproj", "{9C78DBEC-5C3A-404A-A09D-338F1CE3CD40}"
EndProject
Project("{FAE04EC0-301F-11D3-BF4B-00C04F79EFBC}") = "06.FourDigitNumber", "06.FourDigitNumber\06.FourDigitNumber.csproj", "{DE137269-0E7D-427D-8BDE-DA25F9A572F6}"
EndProject
Project("{FAE04EC0-301F-11D3-BF4B-00C04F79EFBC}") = "07.PointInACirlce", "07.PointInACirlce\07.PointInACirlce.csproj", "{DAC060CE-B4AF-4538-A340-5B1678E611AD}"
EndProject
Project("{FAE04EC0-301F-11D3-BF4B-00C04F79EFBC}") = "08.PrimeNumberCheck", "08.PrimeNumberCheck\08.PrimeNumberCheck.csproj", "{7B2E0733-6AB6-4339-864E-FCAF3F6477CC}"
EndProject
Project("{FAE04EC0-301F-11D3-BF4B-00C04F79EFBC}") = "09.Trapezoids", "09.Trapezoids\09.Trapezoids.csproj", "{4B0682B9-365C-41A8-AF6E-A0E1EF0EAC96}"
EndProject
Project("{FAE04EC0-301F-11D3-BF4B-00C04F79EFBC}") = "10.PointInsideCircleOutsideRectangle", "10.PointInsideCircleOutsideRectangle\10.PointInsideCircleOutsideRectangle.csproj", "{C8314D43-104D-4AB4-8416-B0132249FE7D}"
EndProject
Project("{FAE04EC0-301F-11D3-BF4B-00C04F79EFBC}") = "11.ExtractBit", "11.ExtractBit\11.ExtractBit.csproj", "{EFD1FBFA-2929-4B3F-8214-5FF06234AC17}"
EndProject
Project("{FAE04EC0-301F-11D3-BF4B-00C04F79EFBC}") = "12.ExtractBitFromInteger", "12.ExtractBitFromInteger\12.ExtractBitFromInteger.csproj", "{970A9310-60BA-4902-B4F5-72424473127D}"
EndProject
Project("{FAE04EC0-301F-11D3-BF4B-00C04F79EFBC}") = "13.CheckBitAtGivenPosition", "13.CheckBitAtGivenPosition\13.CheckBitAtGivenPosition.csproj", "{9EF3177E-AB25-476F-9185-7BFC62FD4460}"
EndProject
Project("{FAE04EC0-301F-11D3-BF4B-00C04F79EFBC}") = "14.ModifyBitAtGivenPosition", "14.ModifyBitAtGivenPosition\14.ModifyBitAtGivenPosition.csproj", "{57AD989A-8187-457A-AEF2-D93E4FA478B6}"
EndProject
Project("{FAE04EC0-301F-11D3-BF4B-00C04F79EFBC}") = "17.Voleyball", "17.Voleyball\17.Voleyball.csproj", "{9A5A6F29-ED67-4F2E-BD06-4F8D6045B032}"
EndProject
Global
	GlobalSection(SolutionConfigurationPlatforms) = preSolution
		Debug|Any CPU = Debug|Any CPU
		Release|Any CPU = Release|Any CPU
	EndGlobalSection
	GlobalSection(ProjectConfigurationPlatforms) = postSolution
		{FD66218A-66E4-473C-97D5-85177B1BB4BC}.Debug|Any CPU.ActiveCfg = Debug|Any CPU
		{FD66218A-66E4-473C-97D5-85177B1BB4BC}.Debug|Any CPU.Build.0 = Debug|Any CPU
		{FD66218A-66E4-473C-97D5-85177B1BB4BC}.Release|Any CPU.ActiveCfg = Release|Any CPU
		{FD66218A-66E4-473C-97D5-85177B1BB4BC}.Release|Any CPU.Build.0 = Release|Any CPU
		{5B2F26AD-C8D9-42D6-8916-7220388EDAC5}.Debug|Any CPU.ActiveCfg = Debug|Any CPU
		{5B2F26AD-C8D9-42D6-8916-7220388EDAC5}.Debug|Any CPU.Build.0 = Debug|Any CPU
		{5B2F26AD-C8D9-42D6-8916-7220388EDAC5}.Release|Any CPU.ActiveCfg = Release|Any CPU
		{5B2F26AD-C8D9-42D6-8916-7220388EDAC5}.Release|Any CPU.Build.0 = Release|Any CPU
		{3F6A6EFA-4703-4B5B-90C5-2EBD67393613}.Debug|Any CPU.ActiveCfg = Debug|Any CPU
		{3F6A6EFA-4703-4B5B-90C5-2EBD67393613}.Debug|Any CPU.Build.0 = Debug|Any CPU
		{3F6A6EFA-4703-4B5B-90C5-2EBD67393613}.Release|Any CPU.ActiveCfg = Release|Any CPU
		{3F6A6EFA-4703-4B5B-90C5-2EBD67393613}.Release|Any CPU.Build.0 = Release|Any CPU
		{94C2C473-1352-4292-BD8D-E92E705F06B9}.Debug|Any CPU.ActiveCfg = Debug|Any CPU
		{94C2C473-1352-4292-BD8D-E92E705F06B9}.Debug|Any CPU.Build.0 = Debug|Any CPU
		{94C2C473-1352-4292-BD8D-E92E705F06B9}.Release|Any CPU.ActiveCfg = Release|Any CPU
		{94C2C473-1352-4292-BD8D-E92E705F06B9}.Release|Any CPU.Build.0 = Release|Any CPU
		{9C78DBEC-5C3A-404A-A09D-338F1CE3CD40}.Debug|Any CPU.ActiveCfg = Debug|Any CPU
		{9C78DBEC-5C3A-404A-A09D-338F1CE3CD40}.Debug|Any CPU.Build.0 = Debug|Any CPU
		{9C78DBEC-5C3A-404A-A09D-338F1CE3CD40}.Release|Any CPU.ActiveCfg = Release|Any CPU
		{9C78DBEC-5C3A-404A-A09D-338F1CE3CD40}.Release|Any CPU.Build.0 = Release|Any CPU
		{DE137269-0E7D-427D-8BDE-DA25F9A572F6}.Debug|Any CPU.ActiveCfg = Debug|Any CPU
		{DE137269-0E7D-427D-8BDE-DA25F9A572F6}.Debug|Any CPU.Build.0 = Debug|Any CPU
		{DE137269-0E7D-427D-8BDE-DA25F9A572F6}.Release|Any CPU.ActiveCfg = Release|Any CPU
		{DE137269-0E7D-427D-8BDE-DA25F9A572F6}.Release|Any CPU.Build.0 = Release|Any CPU
		{DAC060CE-B4AF-4538-A340-5B1678E611AD}.Debug|Any CPU.ActiveCfg = Debug|Any CPU
		{DAC060CE-B4AF-4538-A340-5B1678E611AD}.Debug|Any CPU.Build.0 = Debug|Any CPU
		{DAC060CE-B4AF-4538-A340-5B1678E611AD}.Release|Any CPU.ActiveCfg = Release|Any CPU
		{DAC060CE-B4AF-4538-A340-5B1678E611AD}.Release|Any CPU.Build.0 = Release|Any CPU
		{7B2E0733-6AB6-4339-864E-FCAF3F6477CC}.Debug|Any CPU.ActiveCfg = Debug|Any CPU
		{7B2E0733-6AB6-4339-864E-FCAF3F6477CC}.Debug|Any CPU.Build.0 = Debug|Any CPU
		{7B2E0733-6AB6-4339-864E-FCAF3F6477CC}.Release|Any CPU.ActiveCfg = Release|Any CPU
		{7B2E0733-6AB6-4339-864E-FCAF3F6477CC}.Release|Any CPU.Build.0 = Release|Any CPU
		{4B0682B9-365C-41A8-AF6E-A0E1EF0EAC96}.Debug|Any CPU.ActiveCfg = Debug|Any CPU
		{4B0682B9-365C-41A8-AF6E-A0E1EF0EAC96}.Debug|Any CPU.Build.0 = Debug|Any CPU
		{4B0682B9-365C-41A8-AF6E-A0E1EF0EAC96}.Release|Any CPU.ActiveCfg = Release|Any CPU
		{4B0682B9-365C-41A8-AF6E-A0E1EF0EAC96}.Release|Any CPU.Build.0 = Release|Any CPU
		{C8314D43-104D-4AB4-8416-B0132249FE7D}.Debug|Any CPU.ActiveCfg = Debug|Any CPU
		{C8314D43-104D-4AB4-8416-B0132249FE7D}.Debug|Any CPU.Build.0 = Debug|Any CPU
		{C8314D43-104D-4AB4-8416-B0132249FE7D}.Release|Any CPU.ActiveCfg = Release|Any CPU
		{C8314D43-104D-4AB4-8416-B0132249FE7D}.Release|Any CPU.Build.0 = Release|Any CPU
		{EFD1FBFA-2929-4B3F-8214-5FF06234AC17}.Debug|Any CPU.ActiveCfg = Debug|Any CPU
		{EFD1FBFA-2929-4B3F-8214-5FF06234AC17}.Debug|Any CPU.Build.0 = Debug|Any CPU
		{EFD1FBFA-2929-4B3F-8214-5FF06234AC17}.Release|Any CPU.ActiveCfg = Release|Any CPU
		{EFD1FBFA-2929-4B3F-8214-5FF06234AC17}.Release|Any CPU.Build.0 = Release|Any CPU
		{970A9310-60BA-4902-B4F5-72424473127D}.Debug|Any CPU.ActiveCfg = Debug|Any CPU
		{970A9310-60BA-4902-B4F5-72424473127D}.Debug|Any CPU.Build.0 = Debug|Any CPU
		{970A9310-60BA-4902-B4F5-72424473127D}.Release|Any CPU.ActiveCfg = Release|Any CPU
		{970A9310-60BA-4902-B4F5-72424473127D}.Release|Any CPU.Build.0 = Release|Any CPU
		{9EF3177E-AB25-476F-9185-7BFC62FD4460}.Debug|Any CPU.ActiveCfg = Debug|Any CPU
		{9EF3177E-AB25-476F-9185-7BFC62FD4460}.Debug|Any CPU.Build.0 = Debug|Any CPU
		{9EF3177E-AB25-476F-9185-7BFC62FD4460}.Release|Any CPU.ActiveCfg = Release|Any CPU
		{9EF3177E-AB25-476F-9185-7BFC62FD4460}.Release|Any CPU.Build.0 = Release|Any CPU
		{57AD989A-8187-457A-AEF2-D93E4FA478B6}.Debug|Any CPU.ActiveCfg = Debug|Any CPU
		{57AD989A-8187-457A-AEF2-D93E4FA478B6}.Debug|Any CPU.Build.0 = Debug|Any CPU
		{57AD989A-8187-457A-AEF2-D93E4FA478B6}.Release|Any CPU.ActiveCfg = Release|Any CPU
		{57AD989A-8187-457A-AEF2-D93E4FA478B6}.Release|Any CPU.Build.0 = Release|Any CPU
		{9A5A6F29-ED67-4F2E-BD06-4F8D6045B032}.Debug|Any CPU.ActiveCfg = Debug|Any CPU
		{9A5A6F29-ED67-4F2E-BD06-4F8D6045B032}.Debug|Any CPU.Build.0 = Debug|Any CPU
		{9A5A6F29-ED67-4F2E-BD06-4F8D6045B032}.Release|Any CPU.ActiveCfg = Release|Any CPU
		{9A5A6F29-ED67-4F2E-BD06-4F8D6045B032}.Release|Any CPU.Build.0 = Release|Any CPU
	EndGlobalSection
	GlobalSection(SolutionProperties) = preSolution
		HideSolutionNode = FALSE
	EndGlobalSection
EndGlobal
